# generated by rye
# use `rye lock` or `rye sync` to update this lockfile
#
# last locked with the following flags:
#   pre: false
#   features: []
#   all-features: false
#   with-sources: false
#   generate-hashes: false
#   universal: false

-e file:.
ansible==8.7.0
    # via fujitsu-ansible-irmc-integration
ansible-core==2.15.12
    # via ansible
certifi==2024.7.4
    # via requests
cffi==1.16.0
    # via cryptography
charset-normalizer==3.3.2
    # via requests
cryptography==43.0.0
    # via ansible-core
idna==3.7
    # via requests
jinja2==3.1.4
    # via ansible-core
markupsafe==2.1.5
    # via jinja2
packaging==24.1
    # via ansible-core
pycparser==2.22
    # via cffi
pyyaml==6.0.1
    # via ansible-core
requests==2.32.3
    # via fujitsu-ansible-irmc-integration
    # via requests-toolbelt
requests-toolbelt==1.0.0
    # via fujitsu-ansible-irmc-integration
resolvelib==1.0.1
    # via ansible-core
urllib3==2.2.2
    # via fujitsu-ansible-irmc-integration
    # via requests
